// !$*UTF8*$!
{
	archiveVersion = 1;
	classes = {
	};
	objectVersion = 51;
	objects = {

/* Begin PBXBuildFile section */
		2D611F568C699D1CB3C0C877 /* Pods_Get_Me_Out.framework in Frameworks */ = {isa = PBXBuildFile; fileRef = F0182CB0C5C0DE1D09F0B743 /* Pods_Get_Me_Out.framework */; settings = {ATTRIBUTES = (Required, ); }; };
		FA11D14524851505003944B0 /* ServiceNetworking.swift in Sources */ = {isa = PBXBuildFile; fileRef = FA11D14424851505003944B0 /* ServiceNetworking.swift */; };
		FA11D1472485679E003944B0 /* String+extensions.swift in Sources */ = {isa = PBXBuildFile; fileRef = FA11D1462485679E003944B0 /* String+extensions.swift */; };
		FA160616247FDD4800FCE56E /* location.json in Resources */ = {isa = PBXBuildFile; fileRef = FA160615247FDD4800FCE56E /* location.json */; };
		FA16061A2480058A00FCE56E /* SettingsViewController.swift in Sources */ = {isa = PBXBuildFile; fileRef = FA1606192480058A00FCE56E /* SettingsViewController.swift */; };
		FA16061C2480070400FCE56E /* SettingsTableViewCell.swift in Sources */ = {isa = PBXBuildFile; fileRef = FA16061B2480070400FCE56E /* SettingsTableViewCell.swift */; };
		FA16061E2480084800FCE56E /* Settings.swift in Sources */ = {isa = PBXBuildFile; fileRef = FA16061D2480084800FCE56E /* Settings.swift */; };
		FA160620248011DD00FCE56E /* UIImage+extensions.swift in Sources */ = {isa = PBXBuildFile; fileRef = FA16061F248011DD00FCE56E /* UIImage+extensions.swift */; };
		FA2ADA14241A4BD9003059F7 /* AppDelegate.swift in Sources */ = {isa = PBXBuildFile; fileRef = FA2ADA13241A4BD9003059F7 /* AppDelegate.swift */; };
		FA2ADA16241A4BD9003059F7 /* SceneDelegate.swift in Sources */ = {isa = PBXBuildFile; fileRef = FA2ADA15241A4BD9003059F7 /* SceneDelegate.swift */; };
		FA2ADA1B241A4BD9003059F7 /* Main.storyboard in Resources */ = {isa = PBXBuildFile; fileRef = FA2ADA19241A4BD9003059F7 /* Main.storyboard */; };
		FA2ADA1E241A4BD9003059F7 /* Get_Me_Out.xcdatamodeld in Sources */ = {isa = PBXBuildFile; fileRef = FA2ADA1C241A4BD9003059F7 /* Get_Me_Out.xcdatamodeld */; };
		FA2ADA20241A4BDB003059F7 /* Assets.xcassets in Resources */ = {isa = PBXBuildFile; fileRef = FA2ADA1F241A4BDB003059F7 /* Assets.xcassets */; };
		FA2ADA23241A4BDB003059F7 /* LaunchScreen.storyboard in Resources */ = {isa = PBXBuildFile; fileRef = FA2ADA21241A4BDB003059F7 /* LaunchScreen.storyboard */; };
		FA2C47A1243FB34E00551C85 /* DateComponent.swift in Sources */ = {isa = PBXBuildFile; fileRef = FA2C47A0243FB34E00551C85 /* DateComponent.swift */; };
		FA344686243F7ECA000A8D36 /* AlertService.swift in Sources */ = {isa = PBXBuildFile; fileRef = FA344685243F7ECA000A8D36 /* AlertService.swift */; };
		FA3459A3243155EF00EE52A2 /* TypeViewController.swift in Sources */ = {isa = PBXBuildFile; fileRef = FA3459A2243155EF00EE52A2 /* TypeViewController.swift */; };
		FA3459A52431570000EE52A2 /* TypeCollectionViewCell.swift in Sources */ = {isa = PBXBuildFile; fileRef = FA3459A42431570000EE52A2 /* TypeCollectionViewCell.swift */; };
		FA3459A7243158A500EE52A2 /* Type.swift in Sources */ = {isa = PBXBuildFile; fileRef = FA3459A6243158A500EE52A2 /* Type.swift */; };
		FA4A6BB6242A72D9008C9B8C /* Category.swift in Sources */ = {isa = PBXBuildFile; fileRef = FA4A6BB5242A72D9008C9B8C /* Category.swift */; };
		FA4A6BB9242A8757008C9B8C /* HomeCollectionViewCell.swift in Sources */ = {isa = PBXBuildFile; fileRef = FA4A6BB8242A8757008C9B8C /* HomeCollectionViewCell.swift */; };
		FA4A6BBB242A87A5008C9B8C /* HomeViewController.swift in Sources */ = {isa = PBXBuildFile; fileRef = FA4A6BBA242A87A5008C9B8C /* HomeViewController.swift */; };
		FA56D906247B911E007C860E /* UPCarouselFlowLayout.swift in Sources */ = {isa = PBXBuildFile; fileRef = FA56D905247B911E007C860E /* UPCarouselFlowLayout.swift */; };
		FA61CC7D248635990066454C /* CodableData.swift in Sources */ = {isa = PBXBuildFile; fileRef = FA61CC7C248635990066454C /* CodableData.swift */; };
		FA68B8EC247E8EEC00B7B9D6 /* SignInViewController.swift in Sources */ = {isa = PBXBuildFile; fileRef = FA68B8EB247E8EEC00B7B9D6 /* SignInViewController.swift */; };
		FA68B8EE247E974000B7B9D6 /* SignUpViewController.swift in Sources */ = {isa = PBXBuildFile; fileRef = FA68B8ED247E974000B7B9D6 /* SignUpViewController.swift */; };
		FA68B8F0247E9DAF00B7B9D6 /* TextField+extensions.swift in Sources */ = {isa = PBXBuildFile; fileRef = FA68B8EF247E9DAF00B7B9D6 /* TextField+extensions.swift */; };
		FA68B8F2247EA9F200B7B9D6 /* Button+extensions.swift in Sources */ = {isa = PBXBuildFile; fileRef = FA68B8F1247EA9F200B7B9D6 /* Button+extensions.swift */; };
		FA68B8F4247ECB3500B7B9D6 /* EditProfileViewController.swift in Sources */ = {isa = PBXBuildFile; fileRef = FA68B8F3247ECB3500B7B9D6 /* EditProfileViewController.swift */; };
		FA8BB847241D42DA005AC867 /* CommentTableViewCell.swift in Sources */ = {isa = PBXBuildFile; fileRef = FA8BB845241D42DA005AC867 /* CommentTableViewCell.swift */; };
		FA8BB848241D42DA005AC867 /* CommentTableViewCell.xib in Resources */ = {isa = PBXBuildFile; fileRef = FA8BB846241D42DA005AC867 /* CommentTableViewCell.xib */; };
		FA8C77DF24820D6E0042209A /* ExplainTableViewController.swift in Sources */ = {isa = PBXBuildFile; fileRef = FA8C77DE24820D6E0042209A /* ExplainTableViewController.swift */; };
		FA8C77E124820F000042209A /* ExplainTableViewCell.swift in Sources */ = {isa = PBXBuildFile; fileRef = FA8C77E024820F000042209A /* ExplainTableViewCell.swift */; };
		FA8C77E324820F8B0042209A /* ExplainCollectionViewCell.swift in Sources */ = {isa = PBXBuildFile; fileRef = FA8C77E224820F8B0042209A /* ExplainCollectionViewCell.swift */; };
		FAB6AD3B248403480086439E /* Date+extensions.swift in Sources */ = {isa = PBXBuildFile; fileRef = FAB6AD3A248403480086439E /* Date+extensions.swift */; };
		FAB6AD3D24840D2D0086439E /* NavigationController+extension.swift in Sources */ = {isa = PBXBuildFile; fileRef = FAB6AD3C24840D2D0086439E /* NavigationController+extension.swift */; };
		FAB6AD3F2484105B0086439E /* TabBar+extension.swift in Sources */ = {isa = PBXBuildFile; fileRef = FAB6AD3E2484105B0086439E /* TabBar+extension.swift */; };
		FAD3ED64242131FE0061B1A5 /* MapViewController.swift in Sources */ = {isa = PBXBuildFile; fileRef = FAD3ED63242131FE0061B1A5 /* MapViewController.swift */; };
		FAF1CE33243A74EF00F72993 /* Cosmos.framework in Frameworks */ = {isa = PBXBuildFile; fileRef = FAF1CE32243A74EF00F72993 /* Cosmos.framework */; };
		FAF1CE35243A80D400F72993 /* CEventViewController.swift in Sources */ = {isa = PBXBuildFile; fileRef = FAF1CE34243A80D400F72993 /* CEventViewController.swift */; };
		FAF70358241BDDBA008A872C /* DescriptionViewController.swift in Sources */ = {isa = PBXBuildFile; fileRef = FAF70357241BDDBA008A872C /* DescriptionViewController.swift */; };
		FAF7037D241C2F25008A872C /* DescriptionCollectionViewCell.swift in Sources */ = {isa = PBXBuildFile; fileRef = FAF7037C241C2F25008A872C /* DescriptionCollectionViewCell.swift */; };
/* End PBXBuildFile section */

/* Begin PBXFileReference section */
		5AFC499CEB49D6303F709408 /* Pods-Get Me Out.release.xcconfig */ = {isa = PBXFileReference; includeInIndex = 1; lastKnownFileType = text.xcconfig; name = "Pods-Get Me Out.release.xcconfig"; path = "Target Support Files/Pods-Get Me Out/Pods-Get Me Out.release.xcconfig"; sourceTree = "<group>"; };
		6F6C4F730905213C625E1031 /* Pods-Get Me Out.debug.xcconfig */ = {isa = PBXFileReference; includeInIndex = 1; lastKnownFileType = text.xcconfig; name = "Pods-Get Me Out.debug.xcconfig"; path = "Target Support Files/Pods-Get Me Out/Pods-Get Me Out.debug.xcconfig"; sourceTree = "<group>"; };
		F0182CB0C5C0DE1D09F0B743 /* Pods_Get_Me_Out.framework */ = {isa = PBXFileReference; explicitFileType = wrapper.framework; includeInIndex = 0; path = Pods_Get_Me_Out.framework; sourceTree = BUILT_PRODUCTS_DIR; };
		FA11D14424851505003944B0 /* ServiceNetworking.swift */ = {isa = PBXFileReference; lastKnownFileType = sourcecode.swift; path = ServiceNetworking.swift; sourceTree = "<group>"; };
		FA11D1462485679E003944B0 /* String+extensions.swift */ = {isa = PBXFileReference; lastKnownFileType = sourcecode.swift; path = "String+extensions.swift"; sourceTree = "<group>"; };
		FA160615247FDD4800FCE56E /* location.json */ = {isa = PBXFileReference; fileEncoding = 4; lastKnownFileType = text.json; path = location.json; sourceTree = "<group>"; };
		FA1606192480058A00FCE56E /* SettingsViewController.swift */ = {isa = PBXFileReference; lastKnownFileType = sourcecode.swift; path = SettingsViewController.swift; sourceTree = "<group>"; };
		FA16061B2480070400FCE56E /* SettingsTableViewCell.swift */ = {isa = PBXFileReference; lastKnownFileType = sourcecode.swift; path = SettingsTableViewCell.swift; sourceTree = "<group>"; };
		FA16061D2480084800FCE56E /* Settings.swift */ = {isa = PBXFileReference; lastKnownFileType = sourcecode.swift; path = Settings.swift; sourceTree = "<group>"; };
		FA16061F248011DD00FCE56E /* UIImage+extensions.swift */ = {isa = PBXFileReference; lastKnownFileType = sourcecode.swift; path = "UIImage+extensions.swift"; sourceTree = "<group>"; };
		FA2ADA10241A4BD9003059F7 /* Get Me Out.app */ = {isa = PBXFileReference; explicitFileType = wrapper.application; includeInIndex = 0; path = "Get Me Out.app"; sourceTree = BUILT_PRODUCTS_DIR; };
		FA2ADA13241A4BD9003059F7 /* AppDelegate.swift */ = {isa = PBXFileReference; lastKnownFileType = sourcecode.swift; path = AppDelegate.swift; sourceTree = "<group>"; };
		FA2ADA15241A4BD9003059F7 /* SceneDelegate.swift */ = {isa = PBXFileReference; lastKnownFileType = sourcecode.swift; path = SceneDelegate.swift; sourceTree = "<group>"; };
		FA2ADA1A241A4BD9003059F7 /* Base */ = {isa = PBXFileReference; lastKnownFileType = file.storyboard; name = Base; path = Base.lproj/Main.storyboard; sourceTree = "<group>"; };
		FA2ADA1D241A4BD9003059F7 /* Get_Me_Out.xcdatamodel */ = {isa = PBXFileReference; lastKnownFileType = wrapper.xcdatamodel; path = Get_Me_Out.xcdatamodel; sourceTree = "<group>"; };
		FA2ADA1F241A4BDB003059F7 /* Assets.xcassets */ = {isa = PBXFileReference; lastKnownFileType = folder.assetcatalog; path = Assets.xcassets; sourceTree = "<group>"; };
		FA2ADA22241A4BDB003059F7 /* Base */ = {isa = PBXFileReference; lastKnownFileType = file.storyboard; name = Base; path = Base.lproj/LaunchScreen.storyboard; sourceTree = "<group>"; };
		FA2ADA24241A4BDB003059F7 /* Info.plist */ = {isa = PBXFileReference; lastKnownFileType = text.plist.xml; path = Info.plist; sourceTree = "<group>"; };
		FA2C47A0243FB34E00551C85 /* DateComponent.swift */ = {isa = PBXFileReference; lastKnownFileType = sourcecode.swift; path = DateComponent.swift; sourceTree = "<group>"; };
		FA344685243F7ECA000A8D36 /* AlertService.swift */ = {isa = PBXFileReference; lastKnownFileType = sourcecode.swift; path = AlertService.swift; sourceTree = "<group>"; };
		FA3459A2243155EF00EE52A2 /* TypeViewController.swift */ = {isa = PBXFileReference; lastKnownFileType = sourcecode.swift; path = TypeViewController.swift; sourceTree = "<group>"; };
		FA3459A42431570000EE52A2 /* TypeCollectionViewCell.swift */ = {isa = PBXFileReference; lastKnownFileType = sourcecode.swift; path = TypeCollectionViewCell.swift; sourceTree = "<group>"; };
		FA3459A6243158A500EE52A2 /* Type.swift */ = {isa = PBXFileReference; lastKnownFileType = sourcecode.swift; path = Type.swift; sourceTree = "<group>"; };
		FA4A6BB5242A72D9008C9B8C /* Category.swift */ = {isa = PBXFileReference; lastKnownFileType = sourcecode.swift; path = Category.swift; sourceTree = "<group>"; };
		FA4A6BB8242A8757008C9B8C /* HomeCollectionViewCell.swift */ = {isa = PBXFileReference; lastKnownFileType = sourcecode.swift; path = HomeCollectionViewCell.swift; sourceTree = "<group>"; };
		FA4A6BBA242A87A5008C9B8C /* HomeViewController.swift */ = {isa = PBXFileReference; lastKnownFileType = sourcecode.swift; path = HomeViewController.swift; sourceTree = "<group>"; };
		FA56D905247B911E007C860E /* UPCarouselFlowLayout.swift */ = {isa = PBXFileReference; fileEncoding = 4; lastKnownFileType = sourcecode.swift; path = UPCarouselFlowLayout.swift; sourceTree = "<group>"; };
		FA61CC7C248635990066454C /* CodableData.swift */ = {isa = PBXFileReference; lastKnownFileType = sourcecode.swift; path = CodableData.swift; sourceTree = "<group>"; };
		FA68B8EB247E8EEC00B7B9D6 /* SignInViewController.swift */ = {isa = PBXFileReference; lastKnownFileType = sourcecode.swift; path = SignInViewController.swift; sourceTree = "<group>"; };
		FA68B8ED247E974000B7B9D6 /* SignUpViewController.swift */ = {isa = PBXFileReference; lastKnownFileType = sourcecode.swift; path = SignUpViewController.swift; sourceTree = "<group>"; };
		FA68B8EF247E9DAF00B7B9D6 /* TextField+extensions.swift */ = {isa = PBXFileReference; lastKnownFileType = sourcecode.swift; path = "TextField+extensions.swift"; sourceTree = "<group>"; };
		FA68B8F1247EA9F200B7B9D6 /* Button+extensions.swift */ = {isa = PBXFileReference; lastKnownFileType = sourcecode.swift; path = "Button+extensions.swift"; sourceTree = "<group>"; };
		FA68B8F3247ECB3500B7B9D6 /* EditProfileViewController.swift */ = {isa = PBXFileReference; lastKnownFileType = sourcecode.swift; name = EditProfileViewController.swift; path = "Get Me Out/View/EditProfileViewController.swift"; sourceTree = SOURCE_ROOT; };
		FA8BB845241D42DA005AC867 /* CommentTableViewCell.swift */ = {isa = PBXFileReference; lastKnownFileType = sourcecode.swift; path = CommentTableViewCell.swift; sourceTree = "<group>"; };
		FA8BB846241D42DA005AC867 /* CommentTableViewCell.xib */ = {isa = PBXFileReference; lastKnownFileType = file.xib; path = CommentTableViewCell.xib; sourceTree = "<group>"; };
		FA8C77DE24820D6E0042209A /* ExplainTableViewController.swift */ = {isa = PBXFileReference; lastKnownFileType = sourcecode.swift; path = ExplainTableViewController.swift; sourceTree = "<group>"; };
		FA8C77E024820F000042209A /* ExplainTableViewCell.swift */ = {isa = PBXFileReference; lastKnownFileType = sourcecode.swift; path = ExplainTableViewCell.swift; sourceTree = "<group>"; };
		FA8C77E224820F8B0042209A /* ExplainCollectionViewCell.swift */ = {isa = PBXFileReference; lastKnownFileType = sourcecode.swift; path = ExplainCollectionViewCell.swift; sourceTree = "<group>"; };
		FAB6AD3A248403480086439E /* Date+extensions.swift */ = {isa = PBXFileReference; lastKnownFileType = sourcecode.swift; path = "Date+extensions.swift"; sourceTree = "<group>"; };
		FAB6AD3C24840D2D0086439E /* NavigationController+extension.swift */ = {isa = PBXFileReference; lastKnownFileType = sourcecode.swift; path = "NavigationController+extension.swift"; sourceTree = "<group>"; };
		FAB6AD3E2484105B0086439E /* TabBar+extension.swift */ = {isa = PBXFileReference; lastKnownFileType = sourcecode.swift; path = "TabBar+extension.swift"; sourceTree = "<group>"; };
		FAD3ED63242131FE0061B1A5 /* MapViewController.swift */ = {isa = PBXFileReference; lastKnownFileType = sourcecode.swift; name = MapViewController.swift; path = "Get Me Out/View/MapViewController.swift"; sourceTree = SOURCE_ROOT; };
		FAF1CE32243A74EF00F72993 /* Cosmos.framework */ = {isa = PBXFileReference; explicitFileType = wrapper.framework; path = Cosmos.framework; sourceTree = BUILT_PRODUCTS_DIR; };
		FAF1CE34243A80D400F72993 /* CEventViewController.swift */ = {isa = PBXFileReference; lastKnownFileType = sourcecode.swift; path = CEventViewController.swift; sourceTree = "<group>"; };
		FAF70357241BDDBA008A872C /* DescriptionViewController.swift */ = {isa = PBXFileReference; lastKnownFileType = sourcecode.swift; path = DescriptionViewController.swift; sourceTree = "<group>"; };
		FAF7037C241C2F25008A872C /* DescriptionCollectionViewCell.swift */ = {isa = PBXFileReference; lastKnownFileType = sourcecode.swift; path = DescriptionCollectionViewCell.swift; sourceTree = "<group>"; };
/* End PBXFileReference section */

/* Begin PBXFrameworksBuildPhase section */
		FA2ADA0D241A4BD9003059F7 /* Frameworks */ = {
			isa = PBXFrameworksBuildPhase;
			buildActionMask = 2147483647;
			files = (
				FAF1CE33243A74EF00F72993 /* Cosmos.framework in Frameworks */,
				2D611F568C699D1CB3C0C877 /* Pods_Get_Me_Out.framework in Frameworks */,
			);
			runOnlyForDeploymentPostprocessing = 0;
		};
/* End PBXFrameworksBuildPhase section */

/* Begin PBXGroup section */
		35BBE1A482896E036D4F6184 /* Frameworks */ = {
			isa = PBXGroup;
			children = (
				FAF1CE32243A74EF00F72993 /* Cosmos.framework */,
				F0182CB0C5C0DE1D09F0B743 /* Pods_Get_Me_Out.framework */,
			);
			name = Frameworks;
			sourceTree = "<group>";
		};
		3DD8A801D4C6CA75FEC8DC2D /* Pods */ = {
			isa = PBXGroup;
			children = (
				6F6C4F730905213C625E1031 /* Pods-Get Me Out.debug.xcconfig */,
				5AFC499CEB49D6303F709408 /* Pods-Get Me Out.release.xcconfig */,
			);
			path = Pods;
			sourceTree = "<group>";
		};
		FA2ADA07241A4BD9003059F7 = {
			isa = PBXGroup;
			children = (
				FA2ADA12241A4BD9003059F7 /* Get Me Out */,
				FA2ADA11241A4BD9003059F7 /* Products */,
				3DD8A801D4C6CA75FEC8DC2D /* Pods */,
				35BBE1A482896E036D4F6184 /* Frameworks */,
			);
			sourceTree = "<group>";
		};
		FA2ADA11241A4BD9003059F7 /* Products */ = {
			isa = PBXGroup;
			children = (
				FA2ADA10241A4BD9003059F7 /* Get Me Out.app */,
			);
			name = Products;
			sourceTree = "<group>";
		};
		FA2ADA12241A4BD9003059F7 /* Get Me Out */ = {
			isa = PBXGroup;
			children = (
				FA2ADA13241A4BD9003059F7 /* AppDelegate.swift */,
				FA2ADA15241A4BD9003059F7 /* SceneDelegate.swift */,
				FA4A6BB7242A72E1008C9B8C /* Model */,
				FA2C48FB241ABB9B0032C8AA /* Controller */,
				FA2C48FC241ABBAB0032C8AA /* View */,
				FA2ADA1F241A4BDB003059F7 /* Assets.xcassets */,
				FA2ADA21241A4BDB003059F7 /* LaunchScreen.storyboard */,
				FA2ADA24241A4BDB003059F7 /* Info.plist */,
				FA2ADA1C241A4BD9003059F7 /* Get_Me_Out.xcdatamodeld */,
			);
			path = "Get Me Out";
			sourceTree = "<group>";
		};
		FA2C48FB241ABB9B0032C8AA /* Controller */ = {
			isa = PBXGroup;
			children = (
				FA68B8EB247E8EEC00B7B9D6 /* SignInViewController.swift */,
				FA68B8ED247E974000B7B9D6 /* SignUpViewController.swift */,
				FA8C77DE24820D6E0042209A /* ExplainTableViewController.swift */,
				FAF70357241BDDBA008A872C /* DescriptionViewController.swift */,
				FAD3ED63242131FE0061B1A5 /* MapViewController.swift */,
				FA4A6BBA242A87A5008C9B8C /* HomeViewController.swift */,
				FA3459A2243155EF00EE52A2 /* TypeViewController.swift */,
				FAF1CE34243A80D400F72993 /* CEventViewController.swift */,
				FA68B8F3247ECB3500B7B9D6 /* EditProfileViewController.swift */,
				FA1606192480058A00FCE56E /* SettingsViewController.swift */,
			);
			path = Controller;
			sourceTree = "<group>";
		};
		FA2C48FC241ABBAB0032C8AA /* View */ = {
			isa = PBXGroup;
			children = (
				FA2ADA19241A4BD9003059F7 /* Main.storyboard */,
				FAF7037C241C2F25008A872C /* DescriptionCollectionViewCell.swift */,
				FA8BB845241D42DA005AC867 /* CommentTableViewCell.swift */,
				FA8BB846241D42DA005AC867 /* CommentTableViewCell.xib */,
				FA4A6BB8242A8757008C9B8C /* HomeCollectionViewCell.swift */,
				FA3459A42431570000EE52A2 /* TypeCollectionViewCell.swift */,
				FA16061B2480070400FCE56E /* SettingsTableViewCell.swift */,
				FA8C77E024820F000042209A /* ExplainTableViewCell.swift */,
				FA8C77E224820F8B0042209A /* ExplainCollectionViewCell.swift */,
			);
			path = View;
			sourceTree = "<group>";
		};
		FA4A6BB7242A72E1008C9B8C /* Model */ = {
			isa = PBXGroup;
			children = (
				FA160615247FDD4800FCE56E /* location.json */,
				FA56D905247B911E007C860E /* UPCarouselFlowLayout.swift */,
				FA4A6BB5242A72D9008C9B8C /* Category.swift */,
				FA3459A6243158A500EE52A2 /* Type.swift */,
				FA344685243F7ECA000A8D36 /* AlertService.swift */,
				FA2C47A0243FB34E00551C85 /* DateComponent.swift */,
				FA68B8EF247E9DAF00B7B9D6 /* TextField+extensions.swift */,
				FA16061D2480084800FCE56E /* Settings.swift */,
				FA16061F248011DD00FCE56E /* UIImage+extensions.swift */,
				FAB6AD3C24840D2D0086439E /* NavigationController+extension.swift */,
				FAB6AD3A248403480086439E /* Date+extensions.swift */,
				FAB6AD3E2484105B0086439E /* TabBar+extension.swift */,
				FA11D1462485679E003944B0 /* String+extensions.swift */,
				FA68B8F1247EA9F200B7B9D6 /* Button+extensions.swift */,
				FA11D14424851505003944B0 /* ServiceNetworking.swift */,
				FA61CC7C248635990066454C /* CodableData.swift */,
			);
			path = Model;
			sourceTree = "<group>";
		};
/* End PBXGroup section */

/* Begin PBXNativeTarget section */
		FA2ADA0F241A4BD9003059F7 /* Get Me Out */ = {
			isa = PBXNativeTarget;
			buildConfigurationList = FA2ADA27241A4BDB003059F7 /* Build configuration list for PBXNativeTarget "Get Me Out" */;
			buildPhases = (
				7728DBC22CF74BFA4FCD66D7 /* [CP] Check Pods Manifest.lock */,
				FA2ADA0C241A4BD9003059F7 /* Sources */,
				FA2ADA0D241A4BD9003059F7 /* Frameworks */,
				FA2ADA0E241A4BD9003059F7 /* Resources */,
				1F7F8EEC215A5B6C58F75501 /* [CP] Embed Pods Frameworks */,
			);
			buildRules = (
			);
			dependencies = (
			);
			name = "Get Me Out";
			productName = "Get Me Out";
			productReference = FA2ADA10241A4BD9003059F7 /* Get Me Out.app */;
			productType = "com.apple.product-type.application";
		};
/* End PBXNativeTarget section */

/* Begin PBXProject section */
		FA2ADA08241A4BD9003059F7 /* Project object */ = {
			isa = PBXProject;
			attributes = {
				LastSwiftUpdateCheck = 1130;
				LastUpgradeCheck = 1130;
				ORGANIZATIONNAME = "Salah ";
				TargetAttributes = {
					FA2ADA0F241A4BD9003059F7 = {
						CreatedOnToolsVersion = 11.3.1;
					};
				};
			};
			buildConfigurationList = FA2ADA0B241A4BD9003059F7 /* Build configuration list for PBXProject "Get Me Out" */;
			compatibilityVersion = "Xcode 9.3";
			developmentRegion = en;
			hasScannedForEncodings = 0;
			knownRegions = (
				en,
				Base,
			);
			mainGroup = FA2ADA07241A4BD9003059F7;
			productRefGroup = FA2ADA11241A4BD9003059F7 /* Products */;
			projectDirPath = "";
			projectRoot = "";
			targets = (
				FA2ADA0F241A4BD9003059F7 /* Get Me Out */,
			);
		};
/* End PBXProject section */

/* Begin PBXResourcesBuildPhase section */
		FA2ADA0E241A4BD9003059F7 /* Resources */ = {
			isa = PBXResourcesBuildPhase;
			buildActionMask = 2147483647;
			files = (
				FA2ADA23241A4BDB003059F7 /* LaunchScreen.storyboard in Resources */,
				FA2ADA20241A4BDB003059F7 /* Assets.xcassets in Resources */,
				FA2ADA1B241A4BD9003059F7 /* Main.storyboard in Resources */,
				FA160616247FDD4800FCE56E /* location.json in Resources */,
				FA8BB848241D42DA005AC867 /* CommentTableViewCell.xib in Resources */,
			);
			runOnlyForDeploymentPostprocessing = 0;
		};
/* End PBXResourcesBuildPhase section */

/* Begin PBXShellScriptBuildPhase section */
		1F7F8EEC215A5B6C58F75501 /* [CP] Embed Pods Frameworks */ = {
			isa = PBXShellScriptBuildPhase;
			buildActionMask = 2147483647;
			files = (
			);
			inputFileListPaths = (
				"${PODS_ROOT}/Target Support Files/Pods-Get Me Out/Pods-Get Me Out-frameworks-${CONFIGURATION}-input-files.xcfilelist",
			);
			name = "[CP] Embed Pods Frameworks";
			outputFileListPaths = (
				"${PODS_ROOT}/Target Support Files/Pods-Get Me Out/Pods-Get Me Out-frameworks-${CONFIGURATION}-output-files.xcfilelist",
			);
			runOnlyForDeploymentPostprocessing = 0;
			shellPath = /bin/sh;
			shellScript = "\"${PODS_ROOT}/Target Support Files/Pods-Get Me Out/Pods-Get Me Out-frameworks.sh\"\n";
			showEnvVarsInLog = 0;
		};
		7728DBC22CF74BFA4FCD66D7 /* [CP] Check Pods Manifest.lock */ = {
			isa = PBXShellScriptBuildPhase;
			buildActionMask = 2147483647;
			files = (
			);
			inputFileListPaths = (
			);
			inputPaths = (
				"${PODS_PODFILE_DIR_PATH}/Podfile.lock",
				"${PODS_ROOT}/Manifest.lock",
			);
			name = "[CP] Check Pods Manifest.lock";
			outputFileListPaths = (
			);
			outputPaths = (
				"$(DERIVED_FILE_DIR)/Pods-Get Me Out-checkManifestLockResult.txt",
			);
			runOnlyForDeploymentPostprocessing = 0;
			shellPath = /bin/sh;
			shellScript = "diff \"${PODS_PODFILE_DIR_PATH}/Podfile.lock\" \"${PODS_ROOT}/Manifest.lock\" > /dev/null\nif [ $? != 0 ] ; then\n    # print error to STDERR\n    echo \"error: The sandbox is not in sync with the Podfile.lock. Run 'pod install' or update your CocoaPods installation.\" >&2\n    exit 1\nfi\n# This output is used by Xcode 'outputs' to avoid re-running this script phase.\necho \"SUCCESS\" > \"${SCRIPT_OUTPUT_FILE_0}\"\n";
			showEnvVarsInLog = 0;
		};
/* End PBXShellScriptBuildPhase section */

/* Begin PBXSourcesBuildPhase section */
		FA2ADA0C241A4BD9003059F7 /* Sources */ = {
			isa = PBXSourcesBuildPhase;
			buildActionMask = 2147483647;
			files = (
				FA16061E2480084800FCE56E /* Settings.swift in Sources */,
				FA8C77E124820F000042209A /* ExplainTableViewCell.swift in Sources */,
				FA68B8F4247ECB3500B7B9D6 /* EditProfileViewController.swift in Sources */,
				FA68B8EC247E8EEC00B7B9D6 /* SignInViewController.swift in Sources */,
				FA11D1472485679E003944B0 /* String+extensions.swift in Sources */,
				FA3459A52431570000EE52A2 /* TypeCollectionViewCell.swift in Sources */,
				FA61CC7D248635990066454C /* CodableData.swift in Sources */,
				FAB6AD3F2484105B0086439E /* TabBar+extension.swift in Sources */,
				FAF7037D241C2F25008A872C /* DescriptionCollectionViewCell.swift in Sources */,
				FA2C47A1243FB34E00551C85 /* DateComponent.swift in Sources */,
				FA3459A3243155EF00EE52A2 /* TypeViewController.swift in Sources */,
				FA8C77E324820F8B0042209A /* ExplainCollectionViewCell.swift in Sources */,
				FA68B8EE247E974000B7B9D6 /* SignUpViewController.swift in Sources */,
				FAF70358241BDDBA008A872C /* DescriptionViewController.swift in Sources */,
				FAD3ED64242131FE0061B1A5 /* MapViewController.swift in Sources */,
				FA344686243F7ECA000A8D36 /* AlertService.swift in Sources */,
				FA3459A7243158A500EE52A2 /* Type.swift in Sources */,
				FAB6AD3D24840D2D0086439E /* NavigationController+extension.swift in Sources */,
				FA8BB847241D42DA005AC867 /* CommentTableViewCell.swift in Sources */,
				FAB6AD3B248403480086439E /* Date+extensions.swift in Sources */,
				FA2ADA14241A4BD9003059F7 /* AppDelegate.swift in Sources */,
				FA2ADA16241A4BD9003059F7 /* SceneDelegate.swift in Sources */,
				FA68B8F2247EA9F200B7B9D6 /* Button+extensions.swift in Sources */,
				FA16061C2480070400FCE56E /* SettingsTableViewCell.swift in Sources */,
				FAF1CE35243A80D400F72993 /* CEventViewController.swift in Sources */,
				FA8C77DF24820D6E0042209A /* ExplainTableViewController.swift in Sources */,
				FA68B8F0247E9DAF00B7B9D6 /* TextField+extensions.swift in Sources */,
				FA11D14524851505003944B0 /* ServiceNetworking.swift in Sources */,
				FA2ADA1E241A4BD9003059F7 /* Get_Me_Out.xcdatamodeld in Sources */,
				FA4A6BB6242A72D9008C9B8C /* Category.swift in Sources */,
				FA4A6BBB242A87A5008C9B8C /* HomeViewController.swift in Sources */,
				FA4A6BB9242A8757008C9B8C /* HomeCollectionViewCell.swift in Sources */,
				FA56D906247B911E007C860E /* UPCarouselFlowLayout.swift in Sources */,
				FA16061A2480058A00FCE56E /* SettingsViewController.swift in Sources */,
				FA160620248011DD00FCE56E /* UIImage+extensions.swift in Sources */,
			);
			runOnlyForDeploymentPostprocessing = 0;
		};
/* End PBXSourcesBuildPhase section */

/* Begin PBXVariantGroup section */
		FA2ADA19241A4BD9003059F7 /* Main.storyboard */ = {
			isa = PBXVariantGroup;
			children = (
				FA2ADA1A241A4BD9003059F7 /* Base */,
			);
			name = Main.storyboard;
			sourceTree = "<group>";
		};
		FA2ADA21241A4BDB003059F7 /* LaunchScreen.storyboard */ = {
			isa = PBXVariantGroup;
			children = (
				FA2ADA22241A4BDB003059F7 /* Base */,
			);
			name = LaunchScreen.storyboard;
			sourceTree = "<group>";
		};
/* End PBXVariantGroup section */

/* Begin XCBuildConfiguration section */
		FA2ADA25241A4BDB003059F7 /* Debug */ = {
			isa = XCBuildConfiguration;
			buildSettings = {
				ALWAYS_SEARCH_USER_PATHS = NO;
				CLANG_ANALYZER_NONNULL = YES;
				CLANG_ANALYZER_NUMBER_OBJECT_CONVERSION = YES_AGGRESSIVE;
				CLANG_CXX_LANGUAGE_STANDARD = "gnu++14";
				CLANG_CXX_LIBRARY = "libc++";
				CLANG_ENABLE_MODULES = YES;
				CLANG_ENABLE_OBJC_ARC = YES;
				CLANG_ENABLE_OBJC_WEAK = YES;
				CLANG_WARN_BLOCK_CAPTURE_AUTORELEASING = YES;
				CLANG_WARN_BOOL_CONVERSION = YES;
				CLANG_WARN_COMMA = YES;
				CLANG_WARN_CONSTANT_CONVERSION = YES;
				CLANG_WARN_DEPRECATED_OBJC_IMPLEMENTATIONS = YES;
				CLANG_WARN_DIRECT_OBJC_ISA_USAGE = YES_ERROR;
				CLANG_WARN_DOCUMENTATION_COMMENTS = YES;
				CLANG_WARN_EMPTY_BODY = YES;
				CLANG_WARN_ENUM_CONVERSION = YES;
				CLANG_WARN_INFINITE_RECURSION = YES;
				CLANG_WARN_INT_CONVERSION = YES;
				CLANG_WARN_NON_LITERAL_NULL_CONVERSION = YES;
				CLANG_WARN_OBJC_IMPLICIT_RETAIN_SELF = YES;
				CLANG_WARN_OBJC_LITERAL_CONVERSION = YES;
				CLANG_WARN_OBJC_ROOT_CLASS = YES_ERROR;
				CLANG_WARN_RANGE_LOOP_ANALYSIS = YES;
				CLANG_WARN_STRICT_PROTOTYPES = YES;
				CLANG_WARN_SUSPICIOUS_MOVE = YES;
				CLANG_WARN_UNGUARDED_AVAILABILITY = YES_AGGRESSIVE;
				CLANG_WARN_UNREACHABLE_CODE = YES;
				CLANG_WARN__DUPLICATE_METHOD_MATCH = YES;
				COPY_PHASE_STRIP = NO;
				DEBUG_INFORMATION_FORMAT = dwarf;
				ENABLE_STRICT_OBJC_MSGSEND = YES;
				ENABLE_TESTABILITY = YES;
				GCC_C_LANGUAGE_STANDARD = gnu11;
				GCC_DYNAMIC_NO_PIC = NO;
				GCC_NO_COMMON_BLOCKS = YES;
				GCC_OPTIMIZATION_LEVEL = 0;
				GCC_PREPROCESSOR_DEFINITIONS = (
					"DEBUG=1",
					"$(inherited)",
				);
				GCC_WARN_64_TO_32_BIT_CONVERSION = YES;
				GCC_WARN_ABOUT_RETURN_TYPE = YES_ERROR;
				GCC_WARN_UNDECLARED_SELECTOR = YES;
				GCC_WARN_UNINITIALIZED_AUTOS = YES_AGGRESSIVE;
				GCC_WARN_UNUSED_FUNCTION = YES;
				GCC_WARN_UNUSED_VARIABLE = YES;
				IPHONEOS_DEPLOYMENT_TARGET = 13.2;
				MTL_ENABLE_DEBUG_INFO = INCLUDE_SOURCE;
				MTL_FAST_MATH = YES;
				ONLY_ACTIVE_ARCH = YES;
				SDKROOT = iphoneos;
				SWIFT_ACTIVE_COMPILATION_CONDITIONS = DEBUG;
				SWIFT_OPTIMIZATION_LEVEL = "-Onone";
			};
			name = Debug;
		};
		FA2ADA26241A4BDB003059F7 /* Release */ = {
			isa = XCBuildConfiguration;
			buildSettings = {
				ALWAYS_SEARCH_USER_PATHS = NO;
				CLANG_ANALYZER_NONNULL = YES;
				CLANG_ANALYZER_NUMBER_OBJECT_CONVERSION = YES_AGGRESSIVE;
				CLANG_CXX_LANGUAGE_STANDARD = "gnu++14";
				CLANG_CXX_LIBRARY = "libc++";
				CLANG_ENABLE_MODULES = YES;
				CLANG_ENABLE_OBJC_ARC = YES;
				CLANG_ENABLE_OBJC_WEAK = YES;
				CLANG_WARN_BLOCK_CAPTURE_AUTORELEASING = YES;
				CLANG_WARN_BOOL_CONVERSION = YES;
				CLANG_WARN_COMMA = YES;
				CLANG_WARN_CONSTANT_CONVERSION = YES;
				CLANG_WARN_DEPRECATED_OBJC_IMPLEMENTATIONS = YES;
				CLANG_WARN_DIRECT_OBJC_ISA_USAGE = YES_ERROR;
				CLANG_WARN_DOCUMENTATION_COMMENTS = YES;
				CLANG_WARN_EMPTY_BODY = YES;
				CLANG_WARN_ENUM_CONVERSION = YES;
				CLANG_WARN_INFINITE_RECURSION = YES;
				CLANG_WARN_INT_CONVERSION = YES;
				CLANG_WARN_NON_LITERAL_NULL_CONVERSION = YES;
				CLANG_WARN_OBJC_IMPLICIT_RETAIN_SELF = YES;
				CLANG_WARN_OBJC_LITERAL_CONVERSION = YES;
				CLANG_WARN_OBJC_ROOT_CLASS = YES_ERROR;
				CLANG_WARN_RANGE_LOOP_ANALYSIS = YES;
				CLANG_WARN_STRICT_PROTOTYPES = YES;
				CLANG_WARN_SUSPICIOUS_MOVE = YES;
				CLANG_WARN_UNGUARDED_AVAILABILITY = YES_AGGRESSIVE;
				CLANG_WARN_UNREACHABLE_CODE = YES;
				CLANG_WARN__DUPLICATE_METHOD_MATCH = YES;
				COPY_PHASE_STRIP = NO;
				DEBUG_INFORMATION_FORMAT = "dwarf-with-dsym";
				ENABLE_NS_ASSERTIONS = NO;
				ENABLE_STRICT_OBJC_MSGSEND = YES;
				GCC_C_LANGUAGE_STANDARD = gnu11;
				GCC_NO_COMMON_BLOCKS = YES;
				GCC_WARN_64_TO_32_BIT_CONVERSION = YES;
				GCC_WARN_ABOUT_RETURN_TYPE = YES_ERROR;
				GCC_WARN_UNDECLARED_SELECTOR = YES;
				GCC_WARN_UNINITIALIZED_AUTOS = YES_AGGRESSIVE;
				GCC_WARN_UNUSED_FUNCTION = YES;
				GCC_WARN_UNUSED_VARIABLE = YES;
				IPHONEOS_DEPLOYMENT_TARGET = 13.2;
				MTL_ENABLE_DEBUG_INFO = NO;
				MTL_FAST_MATH = YES;
				SDKROOT = iphoneos;
				SWIFT_COMPILATION_MODE = wholemodule;
				SWIFT_OPTIMIZATION_LEVEL = "-O";
				VALIDATE_PRODUCT = YES;
			};
			name = Release;
		};
		FA2ADA28241A4BDB003059F7 /* Debug */ = {
			isa = XCBuildConfiguration;
			baseConfigurationReference = 6F6C4F730905213C625E1031 /* Pods-Get Me Out.debug.xcconfig */;
			buildSettings = {
				ASSETCATALOG_COMPILER_APPICON_NAME = AppIcon;
				CODE_SIGN_STYLE = Automatic;
				DEVELOPMENT_TEAM = 4XGXDHAUFG;
				INFOPLIST_FILE = "Get Me Out/Info.plist";
				LD_RUNPATH_SEARCH_PATHS = (
					"$(inherited)",
					"@executable_path/Frameworks",
				);
				PRODUCT_BUNDLE_IDENTIFIER = "salahelsayed98.Get-Me-Out";
				PRODUCT_NAME = "$(TARGET_NAME)";
				SWIFT_VERSION = 5.0;
				TARGETED_DEVICE_FAMILY = "1,2";
			};
			name = Debug;
		};
		FA2ADA29241A4BDB003059F7 /* Release */ = {
			isa = XCBuildConfiguration;
			baseConfigurationReference = 5AFC499CEB49D6303F709408 /* Pods-Get Me Out.release.xcconfig */;
			buildSettings = {
				ASSETCATALOG_COMPILER_APPICON_NAME = AppIcon;
				CODE_SIGN_STYLE = Automatic;
				DEVELOPMENT_TEAM = 4XGXDHAUFG;
				INFOPLIST_FILE = "Get Me Out/Info.plist";
				LD_RUNPATH_SEARCH_PATHS = (
					"$(inherited)",
					"@executable_path/Frameworks",
				);
				PRODUCT_BUNDLE_IDENTIFIER = "salahelsayed98.Get-Me-Out";
				PRODUCT_NAME = "$(TARGET_NAME)";
				SWIFT_VERSION = 5.0;
				TARGETED_DEVICE_FAMILY = "1,2";
			};
			name = Release;
		};
/* End XCBuildConfiguration section */

/* Begin XCConfigurationList section */
		FA2ADA0B241A4BD9003059F7 /* Build configuration list for PBXProject "Get Me Out" */ = {
			isa = XCConfigurationList;
			buildConfigurations = (
				FA2ADA25241A4BDB003059F7 /* Debug */,
				FA2ADA26241A4BDB003059F7 /* Release */,
			);
			defaultConfigurationIsVisible = 0;
			defaultConfigurationName = Release;
		};
		FA2ADA27241A4BDB003059F7 /* Build configuration list for PBXNativeTarget "Get Me Out" */ = {
			isa = XCConfigurationList;
			buildConfigurations = (
				FA2ADA28241A4BDB003059F7 /* Debug */,
				FA2ADA29241A4BDB003059F7 /* Release */,
			);
			defaultConfigurationIsVisible = 0;
			defaultConfigurationName = Release;
		};
/* End XCConfigurationList section */

/* Begin XCVersionGroup section */
		FA2ADA1C241A4BD9003059F7 /* Get_Me_Out.xcdatamodeld */ = {
			isa = XCVersionGroup;
			children = (
				FA2ADA1D241A4BD9003059F7 /* Get_Me_Out.xcdatamodel */,
			);
			currentVersion = FA2ADA1D241A4BD9003059F7 /* Get_Me_Out.xcdatamodel */;
			path = Get_Me_Out.xcdatamodeld;
			sourceTree = "<group>";
			versionGroupType = wrapper.xcdatamodel;
		};
/* End XCVersionGroup section */
	};
	rootObject = FA2ADA08241A4BD9003059F7 /* Project object */;
}
